
Microsoft Visual Studio Solution File, Format Version 12.00
# Visual Studio Version 17
VisualStudioVersion = 17.7.34018.315
MinimumVisualStudioVersion = 10.0.40219.1
Project("{9A19103F-16F7-4668-BE54-9A1E7A4F7556}") = "ScriptCreator", "src\ConsoleApp\ScriptCreator.csproj", "{F0B1F868-B766-4847-819B-2F0D83F629C1}"
EndProject
Global
	GlobalSection(SolutionConfigurationPlatforms) = preSolution
		Debug|Any CPU = Debug|Any CPU
		Release|Any CPU = Release|Any CPU
	EndGlobalSection
	GlobalSection(ProjectConfigurationPlatforms) = postSolution
		{F0B1F868-B766-4847-819B-2F0D83F629C1}.Debug|Any CPU.ActiveCfg = Debug|Any CPU
		{F0B1F868-B766-4847-819B-2F0D83F629C1}.Debug|Any CPU.Build.0 = Debug|Any CPU
		{F0B1F868-B766-4847-819B-2F0D83F629C1}.Release|Any CPU.ActiveCfg = Release|Any CPU
		{F0B1F868-B766-4847-819B-2F0D83F629C1}.Release|Any CPU.Build.0 = Release|Any CPU
	EndGlobalSection
	GlobalSection(SolutionProperties) = preSolution
		HideSolutionNode = FALSE
	EndGlobalSection
	GlobalSection(ExtensibilityGlobals) = postSolution
		SolutionGuid = {B6A6C26D-2C62-43FA-81BB-92B3A770132A}
	EndGlobalSection
EndGlobal
